Microsoft Visual Studio Solution File, Format Version 11.00
# Visual Studio 2008

Project("{B5EC3A18-32AB-C16E-D297-B35587F574C6}") = "ProjetInterfaceMif39", "Assembly-CSharp.csproj", "{3B88546A-7872-CDB1-BD03-701E01DB9662}"
EndProject
Global
	GlobalSection(SolutionConfigurationPlatforms) = preSolution
		Debug|Any CPU = Debug|Any CPU
		Release|Any CPU = Release|Any CPU
	EndGlobalSection
	GlobalSection(ProjectConfigurationPlatforms) = postSolution
		{3B88546A-7872-CDB1-BD03-701E01DB9662}.Debug|Any CPU.ActiveCfg = Debug|Any CPU
		{3B88546A-7872-CDB1-BD03-701E01DB9662}.Debug|Any CPU.Build.0 = Debug|Any CPU
		{3B88546A-7872-CDB1-BD03-701E01DB9662}.Release|Any CPU.ActiveCfg = Release|Any CPU
		{3B88546A-7872-CDB1-BD03-701E01DB9662}.Release|Any CPU.Build.0 = Release|Any CPU
	EndGlobalSection
	GlobalSection(SolutionProperties) = preSolution
		HideSolutionNode = FALSE
	EndGlobalSection
	GlobalSection(MonoDevelopProperties) = preSolution
		StartupItem = Assembly-CSharp.csproj
	EndGlobalSection
EndGlobal
